
Microsoft Visual Studio Solution File, Format Version 12.00
# Visual Studio Version 16
VisualStudioVersion = 16.0.29613.14
MinimumVisualStudioVersion = 10.0.40219.1
Project("{FAE04EC0-301F-11D3-BF4B-00C04F79EFBC}") = "P2 6 3 2020", "P2 6 3 2020.csproj", "{3B3941E7-2B80-4C14-9216-980C663E893B}"
EndProject
Global
	GlobalSection(SolutionConfigurationPlatforms) = preSolution
		Debug|Any CPU = Debug|Any CPU
		Release|Any CPU = Release|Any CPU
	EndGlobalSection
	GlobalSection(ProjectConfigurationPlatforms) = postSolution
		{3B3941E7-2B80-4C14-9216-980C663E893B}.Debug|Any CPU.ActiveCfg = Debug|Any CPU
		{3B3941E7-2B80-4C14-9216-980C663E893B}.Debug|Any CPU.Build.0 = Debug|Any CPU
		{3B3941E7-2B80-4C14-9216-980C663E893B}.Release|Any CPU.ActiveCfg = Release|Any CPU
		{3B3941E7-2B80-4C14-9216-980C663E893B}.Release|Any CPU.Build.0 = Release|Any CPU
	EndGlobalSection
	GlobalSection(SolutionProperties) = preSolution
		HideSolutionNode = FALSE
	EndGlobalSection
	GlobalSection(ExtensibilityGlobals) = postSolution
		SolutionGuid = {00B8403F-15E0-4BCB-B242-E657F8EA34A3}
	EndGlobalSection
EndGlobal
